
Microsoft Visual Studio Solution File, Format Version 12.00
# Visual Studio Version 17
VisualStudioVersion = 17.2.32616.157
MinimumVisualStudioVersion = 10.0.40219.1
Project("{8BC9CEB8-8B4A-11D0-8D11-00A0C91BC942}") = "Flappy Bird", "Flappy Bird\Flappy Bird.vcxproj", "{7F09C75D-A29C-4E61-A31E-6C81FE2B053A}"
EndProject
Global
	GlobalSection(SolutionConfigurationPlatforms) = preSolution
		Debug|x64 = Debug|x64
		Debug|x86 = Debug|x86
		Release|x64 = Release|x64
		Release|x86 = Release|x86
	EndGlobalSection
	GlobalSection(ProjectConfigurationPlatforms) = postSolution
		{7F09C75D-A29C-4E61-A31E-6C81FE2B053A}.Debug|x64.ActiveCfg = Debug|x64
		{7F09C75D-A29C-4E61-A31E-6C81FE2B053A}.Debug|x64.Build.0 = Debug|x64
		{7F09C75D-A29C-4E61-A31E-6C81FE2B053A}.Debug|x86.ActiveCfg = Debug|Win32
		{7F09C75D-A29C-4E61-A31E-6C81FE2B053A}.Debug|x86.Build.0 = Debug|Win32
		{7F09C75D-A29C-4E61-A31E-6C81FE2B053A}.Release|x64.ActiveCfg = Release|x64
		{7F09C75D-A29C-4E61-A31E-6C81FE2B053A}.Release|x64.Build.0 = Release|x64
		{7F09C75D-A29C-4E61-A31E-6C81FE2B053A}.Release|x86.ActiveCfg = Release|Win32
		{7F09C75D-A29C-4E61-A31E-6C81FE2B053A}.Release|x86.Build.0 = Release|Win32
	EndGlobalSection
	GlobalSection(SolutionProperties) = preSolution
		HideSolutionNode = FALSE
	EndGlobalSection
	GlobalSection(ExtensibilityGlobals) = postSolution
		SolutionGuid = {83AA744C-7180-4275-82AD-DFF9E5B2B8B8}
	EndGlobalSection
EndGlobal
